# This file is generated by running "yarn install" inside your project.
# Manual changes might be lost - proceed with caution!

__metadata:
  version: 6
  cacheKey: 8

"@chialab/esbuild-plugin-html@npm:^0.17.0":
  version: 0.17.0
  resolution: "@chialab/esbuild-plugin-html@npm:0.17.0"
  dependencies:
    "@chialab/esbuild-rna": ^0.17.0
    "@chialab/node-resolve": ^0.17.0
  checksum: 0db04cf048b0611a41f25b669ae600f29140a64ff5f99a3d5e8be28e30e05fd58838b4f8190847f88d656697dfcd809e94e0c4501715e29854c43055e2781fb8
  languageName: node
  linkType: hard

"@chialab/esbuild-rna@npm:^0.17.0":
  version: 0.17.2
  resolution: "@chialab/esbuild-rna@npm:0.17.2"
  dependencies:
    "@chialab/estransform": ^0.17.0
    "@chialab/node-resolve": ^0.17.0
  checksum: 94e159f8c0adf9591d8b5497622176c7ab4f12e031cd2ad937a3bd1c18465043bd0d100aac4704423e2eb781811e95bcdff521b778895dec6b2df7c6f1accc45
  languageName: node
  linkType: hard

"@chialab/estransform@npm:^0.17.0":
  version: 0.17.1
  resolution: "@chialab/estransform@npm:0.17.1"
  dependencies:
    "@parcel/source-map": ^2.0.0
  checksum: 4f9dd5354d747b06b0bad80b58cf497909a29e3e729134920e9c107360f36c49fcbb0779a9609db24ff7493c919d4851688d5c09721f11e76d4e016eaba92ed3
  languageName: node
  linkType: hard

"@chialab/node-resolve@npm:^0.17.0":
  version: 0.17.0
  resolution: "@chialab/node-resolve@npm:0.17.0"
  checksum: fdd959588647bb37817d08e55bd5c4ca49a13a09fb4964fe3ffc85e786bc01d7cd7c0cef8fc950b63b34d22db18750358f92c08e848858124c72dfe440a25071
  languageName: node
  linkType: hard

"@esbuild/linux-loong64@npm:0.15.7":
  version: 0.15.7
  resolution: "@esbuild/linux-loong64@npm:0.15.7"
  conditions: os=linux & cpu=loong64
  languageName: node
  linkType: hard

"@parcel/source-map@npm:^2.0.0":
  version: 2.1.0
  resolution: "@parcel/source-map@npm:2.1.0"
  dependencies:
    detect-libc: ^1.0.3
  checksum: 7ec2cfec01148d1813030615e525b7ce27ee6a80781769aba52149677286f02b6b6e387e8c602fd67abe5e0f815b07a5b2ee94e1cc8bf1714301c575436aaaa6
  languageName: node
  linkType: hard

"detect-libc@npm:^1.0.3":
  version: 1.0.3
  resolution: "detect-libc@npm:1.0.3"
  bin:
    detect-libc: ./bin/detect-libc.js
  checksum: daaaed925ffa7889bd91d56e9624e6c8033911bb60f3a50a74a87500680652969dbaab9526d1e200a4c94acf80fc862a22131841145a0a8482d60a99c24f4a3e
  languageName: node
  linkType: hard

"esbuild-android-64@npm:0.15.7":
  version: 0.15.7
  resolution: "esbuild-android-64@npm:0.15.7"
  conditions: os=android & cpu=x64
  languageName: node
  linkType: hard

"esbuild-android-arm64@npm:0.15.7":
  version: 0.15.7
  resolution: "esbuild-android-arm64@npm:0.15.7"
  conditions: os=android & cpu=arm64
  languageName: node
  linkType: hard

"esbuild-darwin-64@npm:0.15.7":
  version: 0.15.7
  resolution: "esbuild-darwin-64@npm:0.15.7"
  conditions: os=darwin & cpu=x64
  languageName: node
  linkType: hard

"esbuild-darwin-arm64@npm:0.15.7":
  version: 0.15.7
  resolution: "esbuild-darwin-arm64@npm:0.15.7"
  conditions: os=darwin & cpu=arm64
  languageName: node
  linkType: hard

"esbuild-freebsd-64@npm:0.15.7":
  version: 0.15.7
  resolution: "esbuild-freebsd-64@npm:0.15.7"
  conditions: os=freebsd & cpu=x64
  languageName: node
  linkType: hard

"esbuild-freebsd-arm64@npm:0.15.7":
  version: 0.15.7
  resolution: "esbuild-freebsd-arm64@npm:0.15.7"
  conditions: os=freebsd & cpu=arm64
  languageName: node
  linkType: hard

"esbuild-linux-32@npm:0.15.7":
  version: 0.15.7
  resolution: "esbuild-linux-32@npm:0.15.7"
  conditions: os=linux & cpu=ia32
  languageName: node
  linkType: hard

"esbuild-linux-64@npm:0.15.7":
  version: 0.15.7
  resolution: "esbuild-linux-64@npm:0.15.7"
  conditions: os=linux & cpu=x64
  languageName: node
  linkType: hard

"esbuild-linux-arm64@npm:0.15.7":
  version: 0.15.7
  resolution: "esbuild-linux-arm64@npm:0.15.7"
  conditions: os=linux & cpu=arm64
  languageName: node
  linkType: hard

"esbuild-linux-arm@npm:0.15.7":
  version: 0.15.7
  resolution: "esbuild-linux-arm@npm:0.15.7"
  conditions: os=linux & cpu=arm
  languageName: node
  linkType: hard

"esbuild-linux-mips64le@npm:0.15.7":
  version: 0.15.7
  resolution: "esbuild-linux-mips64le@npm:0.15.7"
  conditions: os=linux & cpu=mips64el
  languageName: node
  linkType: hard

"esbuild-linux-ppc64le@npm:0.15.7":
  version: 0.15.7
  resolution: "esbuild-linux-ppc64le@npm:0.15.7"
  conditions: os=linux & cpu=ppc64
  languageName: node
  linkType: hard

"esbuild-linux-riscv64@npm:0.15.7":
  version: 0.15.7
  resolution: "esbuild-linux-riscv64@npm:0.15.7"
  conditions: os=linux & cpu=riscv64
  languageName: node
  linkType: hard

"esbuild-linux-s390x@npm:0.15.7":
  version: 0.15.7
  resolution: "esbuild-linux-s390x@npm:0.15.7"
  conditions: os=linux & cpu=s390x
  languageName: node
  linkType: hard

"esbuild-netbsd-64@npm:0.15.7":
  version: 0.15.7
  resolution: "esbuild-netbsd-64@npm:0.15.7"
  conditions: os=netbsd & cpu=x64
  languageName: node
  linkType: hard

"esbuild-openbsd-64@npm:0.15.7":
  version: 0.15.7
  resolution: "esbuild-openbsd-64@npm:0.15.7"
  conditions: os=openbsd & cpu=x64
  languageName: node
  linkType: hard

"esbuild-plugin-clear@npm:^1.0.1":
  version: 1.0.1
  resolution: "esbuild-plugin-clear@npm:1.0.1"
  checksum: 1c7d3558d95e37b9052cf341ac826323b68becd1f51b81ecbba45c9d3e28b8066e98d267328e1dc2525ca262fab00ff99ac87f9f27c1ec478bb5e3f3a7e41427
  languageName: node
  linkType: hard

"esbuild-sunos-64@npm:0.15.7":
  version: 0.15.7
  resolution: "esbuild-sunos-64@npm:0.15.7"
  conditions: os=sunos & cpu=x64
  languageName: node
  linkType: hard

"esbuild-windows-32@npm:0.15.7":
  version: 0.15.7
  resolution: "esbuild-windows-32@npm:0.15.7"
  conditions: os=win32 & cpu=ia32
  languageName: node
  linkType: hard

"esbuild-windows-64@npm:0.15.7":
  version: 0.15.7
  resolution: "esbuild-windows-64@npm:0.15.7"
  conditions: os=win32 & cpu=x64
  languageName: node
  linkType: hard

"esbuild-windows-arm64@npm:0.15.7":
  version: 0.15.7
  resolution: "esbuild-windows-arm64@npm:0.15.7"
  conditions: os=win32 & cpu=arm64
  languageName: node
  linkType: hard

"esbuild@npm:^0.15.7":
  version: 0.15.7
  resolution: "esbuild@npm:0.15.7"
  dependencies:
    "@esbuild/linux-loong64": 0.15.7
    esbuild-android-64: 0.15.7
    esbuild-android-arm64: 0.15.7
    esbuild-darwin-64: 0.15.7
    esbuild-darwin-arm64: 0.15.7
    esbuild-freebsd-64: 0.15.7
    esbuild-freebsd-arm64: 0.15.7
    esbuild-linux-32: 0.15.7
    esbuild-linux-64: 0.15.7
    esbuild-linux-arm: 0.15.7
    esbuild-linux-arm64: 0.15.7
    esbuild-linux-mips64le: 0.15.7
    esbuild-linux-ppc64le: 0.15.7
    esbuild-linux-riscv64: 0.15.7
    esbuild-linux-s390x: 0.15.7
    esbuild-netbsd-64: 0.15.7
    esbuild-openbsd-64: 0.15.7
    esbuild-sunos-64: 0.15.7
    esbuild-windows-32: 0.15.7
    esbuild-windows-64: 0.15.7
    esbuild-windows-arm64: 0.15.7
  dependenciesMeta:
    "@esbuild/linux-loong64":
      optional: true
    esbuild-android-64:
      optional: true
    esbuild-android-arm64:
      optional: true
    esbuild-darwin-64:
      optional: true
    esbuild-darwin-arm64:
      optional: true
    esbuild-freebsd-64:
      optional: true
    esbuild-freebsd-arm64:
      optional: true
    esbuild-linux-32:
      optional: true
    esbuild-linux-64:
      optional: true
    esbuild-linux-arm:
      optional: true
    esbuild-linux-arm64:
      optional: true
    esbuild-linux-mips64le:
      optional: true
    esbuild-linux-ppc64le:
      optional: true
    esbuild-linux-riscv64:
      optional: true
    esbuild-linux-s390x:
      optional: true
    esbuild-netbsd-64:
      optional: true
    esbuild-openbsd-64:
      optional: true
    esbuild-sunos-64:
      optional: true
    esbuild-windows-32:
      optional: true
    esbuild-windows-64:
      optional: true
    esbuild-windows-arm64:
      optional: true
  bin:
    esbuild: bin/esbuild
  checksum: 54ddaa6cf96798d817861b4f68cb8d176075dc09b6e0ed511c57e5db6fd86d2c673ac2ec631ad9b11678d58ad4a77cd6b7a3853b9c6eac29b7f5c6d38e42f92e
  languageName: node
  linkType: hard

"three@npm:^0.144.0":
  version: 0.144.0
  resolution: "three@npm:0.144.0"
  checksum: 6fb1afb3d189fede913c17e05ad17f3e653370eb3f1030b94a1cc49e84be1e45ea50a340c87289ff30f9bf90a87d04fcdc507577c7c5b062ff730b942f8a16ea
  languageName: node
  linkType: hard

"threejs-esbuild-sandbox@workspace:.":
  version: 0.0.0-use.local
  resolution: "threejs-esbuild-sandbox@workspace:."
  dependencies:
    "@chialab/esbuild-plugin-html": ^0.17.0
    esbuild: ^0.15.7
    esbuild-plugin-clear: ^1.0.1
    three: ^0.144.0
  languageName: unknown
  linkType: soft
